
Microsoft Visual Studio Solution File, Format Version 12.00
# Visual Studio Version 17
VisualStudioVersion = 17.4.33213.308
MinimumVisualStudioVersion = 10.0.40219.1
Project("{FAE04EC0-301F-11D3-BF4B-00C04F79EFBC}") = "Builder", "Builder\Builder.csproj", "{30981B24-A25A-464A-9207-380B688E05F4}"
EndProject
Global
	GlobalSection(SolutionConfigurationPlatforms) = preSolution
		Debug|Any CPU = Debug|Any CPU
		Release|Any CPU = Release|Any CPU
	EndGlobalSection
	GlobalSection(ProjectConfigurationPlatforms) = postSolution
		{30981B24-A25A-464A-9207-380B688E05F4}.Debug|Any CPU.ActiveCfg = Debug|Any CPU
		{30981B24-A25A-464A-9207-380B688E05F4}.Debug|Any CPU.Build.0 = Debug|Any CPU
		{30981B24-A25A-464A-9207-380B688E05F4}.Release|Any CPU.ActiveCfg = Release|Any CPU
		{30981B24-A25A-464A-9207-380B688E05F4}.Release|Any CPU.Build.0 = Release|Any CPU
	EndGlobalSection
	GlobalSection(SolutionProperties) = preSolution
		HideSolutionNode = FALSE
	EndGlobalSection
	GlobalSection(ExtensibilityGlobals) = postSolution
		SolutionGuid = {846329AD-47DB-4212-9FA5-693BA7B783E3}
	EndGlobalSection
EndGlobal
